Microsoft Visual Studio Solution File, Format Version 12.00
# Visual Studio Version 17
VisualStudioVersion = 17.5.2.0
MinimumVisualStudioVersion = 10.0.40219.1
Project("{FAE04EC0-301F-11D3-BF4B-00C04F79EFBC}") = "FuniproApi", "backend\FuniproApi.csproj", "{F83DFD44-6E5B-0AA5-F424-B2F4B34544E4}"
EndProject
Global
	GlobalSection(SolutionConfigurationPlatforms) = preSolution
		Debug|Any CPU = Debug|Any CPU
		Release|Any CPU = Release|Any CPU
	EndGlobalSection
	GlobalSection(ProjectConfigurationPlatforms) = postSolution
		{F83DFD44-6E5B-0AA5-F424-B2F4B34544E4}.Debug|Any CPU.ActiveCfg = Debug|Any CPU
		{F83DFD44-6E5B-0AA5-F424-B2F4B34544E4}.Debug|Any CPU.Build.0 = Debug|Any CPU
		{F83DFD44-6E5B-0AA5-F424-B2F4B34544E4}.Release|Any CPU.ActiveCfg = Release|Any CPU
		{F83DFD44-6E5B-0AA5-F424-B2F4B34544E4}.Release|Any CPU.Build.0 = Release|Any CPU
	EndGlobalSection
	GlobalSection(SolutionProperties) = preSolution
		HideSolutionNode = FALSE
	EndGlobalSection
	GlobalSection(ExtensibilityGlobals) = postSolution
		SolutionGuid = {5366B952-D9E1-4DA8-9C56-9A203F2C756A}
	EndGlobalSection
EndGlobal
